
Microsoft Visual Studio Solution File, Format Version 12.00
# Visual Studio 2012
Project("{FAE04EC0-301F-11D3-BF4B-00C04F79EFBC}") = "rswecker", "rswecker\rswecker.csproj", "{34DA6B37-FF2D-4CCB-BF48-1021DDE0752D}"
EndProject
Project("{FAE04EC0-301F-11D3-BF4B-00C04F79EFBC}") = "rswecker.tests", "rswecker.tests\rswecker.tests.csproj", "{A3225EBE-34BD-4F29-A36A-2C01B044D6F2}"
EndProject
Global
	GlobalSection(SolutionConfigurationPlatforms) = preSolution
		Debug|Any CPU = Debug|Any CPU
		Release|Any CPU = Release|Any CPU
	EndGlobalSection
	GlobalSection(ProjectConfigurationPlatforms) = postSolution
		{34DA6B37-FF2D-4CCB-BF48-1021DDE0752D}.Debug|Any CPU.ActiveCfg = Debug|Any CPU
		{34DA6B37-FF2D-4CCB-BF48-1021DDE0752D}.Debug|Any CPU.Build.0 = Debug|Any CPU
		{34DA6B37-FF2D-4CCB-BF48-1021DDE0752D}.Release|Any CPU.ActiveCfg = Release|Any CPU
		{34DA6B37-FF2D-4CCB-BF48-1021DDE0752D}.Release|Any CPU.Build.0 = Release|Any CPU
		{A3225EBE-34BD-4F29-A36A-2C01B044D6F2}.Debug|Any CPU.ActiveCfg = Debug|Any CPU
		{A3225EBE-34BD-4F29-A36A-2C01B044D6F2}.Debug|Any CPU.Build.0 = Debug|Any CPU
		{A3225EBE-34BD-4F29-A36A-2C01B044D6F2}.Release|Any CPU.ActiveCfg = Release|Any CPU
		{A3225EBE-34BD-4F29-A36A-2C01B044D6F2}.Release|Any CPU.Build.0 = Release|Any CPU
	EndGlobalSection
	GlobalSection(SolutionProperties) = preSolution
		HideSolutionNode = FALSE
	EndGlobalSection
EndGlobal
